
Microsoft Visual Studio Solution File, Format Version 12.00
# Visual Studio Version 16
VisualStudioVersion = 16.0.31624.102
MinimumVisualStudioVersion = 10.0.40219.1
Project("{FAE04EC0-301F-11D3-BF4B-00C04F79EFBC}") = "Day15RambunctiousRecitation", "Day15RambunctiousRecitation\Day15RambunctiousRecitation.csproj", "{3FFD64E4-D009-4AC8-8B2A-93422091B93F}"
EndProject
Global
	GlobalSection(SolutionConfigurationPlatforms) = preSolution
		Debug|Any CPU = Debug|Any CPU
		Release|Any CPU = Release|Any CPU
	EndGlobalSection
	GlobalSection(ProjectConfigurationPlatforms) = postSolution
		{3FFD64E4-D009-4AC8-8B2A-93422091B93F}.Debug|Any CPU.ActiveCfg = Debug|Any CPU
		{3FFD64E4-D009-4AC8-8B2A-93422091B93F}.Debug|Any CPU.Build.0 = Debug|Any CPU
		{3FFD64E4-D009-4AC8-8B2A-93422091B93F}.Release|Any CPU.ActiveCfg = Release|Any CPU
		{3FFD64E4-D009-4AC8-8B2A-93422091B93F}.Release|Any CPU.Build.0 = Release|Any CPU
	EndGlobalSection
	GlobalSection(SolutionProperties) = preSolution
		HideSolutionNode = FALSE
	EndGlobalSection
	GlobalSection(ExtensibilityGlobals) = postSolution
		SolutionGuid = {21B1F61C-55CC-45FC-8E0A-690BEA1CB564}
	EndGlobalSection
EndGlobal
